{
  "name": "cha_dde",
  "version": "1.0.0",
  "lockfileVersion": 2,
  "requires": true,
  "packages": {
    "": {
      "name": "cha_dde",
      "version": "1.0.0",
      "license": "ISC",
      "dependencies": {
        "iconv-lite": "^0.6.3",
        "netdde": "^1.0.2",
        "winax": "^3.3.2"
      }
    },
    "node_modules/debug": {
      "version": "4.3.3",
      "resolved": "https://registry.npmmirror.com/debug/download/debug-4.3.3.tgz",
      "integrity": "sha512-/zxw5+vh1Tfv+4Qn7a5nsbcJKPaSvCDhojn6FEl9vupwK2VCSDtEiEtqr8DFtzYFOdz63LBkxec7DYuc2jon6Q==",
      "optional": true,
      "dependencies": {
        "ms": "2.1.2"
      },
      "engines": {
        "node": ">=6.0"
      },
      "peerDependenciesMeta": {
        "supports-color": {
          "optional": true
        }
      }
    },
    "node_modules/ffi-napi": {
      "version": "3.1.0",
      "resolved": "https://registry.npm.taobao.org/ffi-napi/download/ffi-napi-3.1.0.tgz",
      "integrity": "sha1-W9A3om6qQjTGZOi50nvjcZUFx70=",
      "hasInstallScript": true,
      "optional": true,
      "dependencies": {
        "debug": "^4.1.1",
        "get-uv-event-loop-napi-h": "^1.0.5",
        "node-addon-api": "^2.0.0",
        "node-gyp-build": "^4.2.1",
        "ref-napi": "^2.0.1",
        "ref-struct-di": "^1.1.0"
      },
      "engines": {
        "node": ">=10"
      }
    },
    "node_modules/ffi-napi/node_modules/ref-napi": {
      "version": "2.1.2",
      "resolved": "https://registry.nlark.com/ref-napi/download/ref-napi-2.1.2.tgz",
      "integrity": "sha1-WYYGnXsOqD4f70gjmivXUxjONBs=",
      "hasInstallScript": true,
      "optional": true,
      "dependencies": {
        "debug": "^4.1.1",
        "get-symbol-from-current-process-h": "^1.0.2",
        "node-addon-api": "^2.0.0",
        "node-gyp-build": "^4.2.1"
      },
      "engines": {
        "node": ">= 6.0"
      }
    },
    "node_modules/get-symbol-from-current-process-h": {
      "version": "1.0.2",
      "resolved": "https://registry.npm.taobao.org/get-symbol-from-current-process-h/download/get-symbol-from-current-process-h-1.0.2.tgz",
      "integrity": "sha1-UQr1Lq74c/cCiFTDN39H97sgAmU=",
      "optional": true
    },
    "node_modules/get-uv-event-loop-napi-h": {
      "version": "1.0.6",
      "resolved": "https://registry.npm.taobao.org/get-uv-event-loop-napi-h/download/get-uv-event-loop-napi-h-1.0.6.tgz",
      "integrity": "sha1-QrCwa3TD7SH7rI58coRf23ogAgg=",
      "optional": true,
      "dependencies": {
        "get-symbol-from-current-process-h": "^1.0.1"
      }
    },
    "node_modules/iconv-lite": {
      "version": "0.6.3",
      "resolved": "https://registry.nlark.com/iconv-lite/download/iconv-lite-0.6.3.tgz",
      "integrity": "sha1-pS+AvzjaGVLrXGgXkHGYcaGnJQE=",
      "dependencies": {
        "safer-buffer": ">= 2.1.2 < 3.0.0"
      },
      "engines": {
        "node": ">=0.10.0"
      }
    },
    "node_modules/ms": {
      "version": "2.1.2",
      "resolved": "https://registry.npmmirror.com/ms/download/ms-2.1.2.tgz",
      "integrity": "sha1-0J0fNXtEP0kzgqjrPM0YOHKuYAk=",
      "optional": true
    },
    "node_modules/net-keepalive": {
      "version": "1.4.0",
      "resolved": "https://registry.npmmirror.com/net-keepalive/download/net-keepalive-1.4.0.tgz",
      "integrity": "sha1-kk/c8WQLIZiCDpmV/7LS7Hp1d6o=",
      "optional": true,
      "os": [
        "freebsd",
        "darwin",
        "linux"
      ],
      "dependencies": {
        "ffi-napi": "^3.0.1",
        "ref-napi": "^3.0.0"
      },
      "engines": {
        "node": ">=10.20.0"
      }
    },
    "node_modules/netdde": {
      "version": "1.0.2",
      "resolved": "https://registry.npmmirror.com/netdde/download/netdde-1.0.2.tgz",
      "integrity": "sha1-PL/sSTUycO/dmbD41a4zABHvNsI=",
      "optionalDependencies": {
        "net-keepalive": "^1.2.1"
      }
    },
    "node_modules/node-addon-api": {
      "version": "2.0.2",
      "resolved": "https://registry.nlark.com/node-addon-api/download/node-addon-api-2.0.2.tgz",
      "integrity": "sha1-Qyz6gpYs5JSxMunXKhWyn3H/XTI=",
      "optional": true
    },
    "node_modules/node-gyp-build": {
      "version": "4.3.0",
      "resolved": "https://registry.nlark.com/node-gyp-build/download/node-gyp-build-4.3.0.tgz",
      "integrity": "sha1-nyVrA+WCYVC+Ocdkv1Hpk5RtcaM=",
      "optional": true,
      "bin": {
        "node-gyp-build": "bin.js",
        "node-gyp-build-optional": "optional.js",
        "node-gyp-build-test": "build-test.js"
      }
    },
    "node_modules/ref-napi": {
      "version": "3.0.3",
      "resolved": "https://registry.nlark.com/ref-napi/download/ref-napi-3.0.3.tgz",
      "integrity": "sha1-4lm/wruvs+Fp6M2bpJA33QA5ayI=",
      "hasInstallScript": true,
      "optional": true,
      "dependencies": {
        "debug": "^4.1.1",
        "get-symbol-from-current-process-h": "^1.0.2",
        "node-addon-api": "^3.0.0",
        "node-gyp-build": "^4.2.1"
      },
      "engines": {
        "node": ">= 10.0"
      }
    },
    "node_modules/ref-napi/node_modules/node-addon-api": {
      "version": "3.2.1",
      "resolved": "https://registry.nlark.com/node-addon-api/download/node-addon-api-3.2.1.tgz",
      "integrity": "sha1-gTJeCiEXeJwBKNq2Xn448HzroWE=",
      "optional": true
    },
    "node_modules/ref-struct-di": {
      "version": "1.1.1",
      "resolved": "https://registry.npm.taobao.org/ref-struct-di/download/ref-struct-di-1.1.1.tgz",
      "integrity": "sha1-WCex07MjcgWPF3VHCT2x/hYC3BA=",
      "optional": true,
      "dependencies": {
        "debug": "^3.1.0"
      }
    },
    "node_modules/ref-struct-di/node_modules/debug": {
      "version": "3.2.7",
      "resolved": "https://registry.npmmirror.com/debug/download/debug-3.2.7.tgz",
      "integrity": "sha1-clgLfpFF+zm2Z2+cXl+xALk0F5o=",
      "optional": true,
      "dependencies": {
        "ms": "^2.1.1"
      }
    },
    "node_modules/safer-buffer": {
      "version": "2.1.2",
      "resolved": "https://registry.npm.taobao.org/safer-buffer/download/safer-buffer-2.1.2.tgz",
      "integrity": "sha1-RPoWGwGHuVSd2Eu5GAL5vYOFzWo="
    },
    "node_modules/winax": {
      "version": "3.3.2",
      "resolved": "https://registry.npmmirror.com/winax/download/winax-3.3.2.tgz",
      "integrity": "sha512-qEe1pS6RVbC/1QQskfxB3IXUyBYLu+7DMPj3LdqmaFm/vhV94vBj7bgZLlau7tJaym04byDeWPCf/4gZEp60Dw==",
      "hasInstallScript": true,
      "os": [
        "win32"
      ],
      "bin": {
        "nodewscript": "NodeWScript.js"
      },
      "engines": {
        "node": ">= 10.0.0"
      }
    }
  },
  "dependencies": {
    "debug": {
      "version": "4.3.3",
      "resolved": "https://registry.npmmirror.com/debug/download/debug-4.3.3.tgz",
      "integrity": "sha512-/zxw5+vh1Tfv+4Qn7a5nsbcJKPaSvCDhojn6FEl9vupwK2VCSDtEiEtqr8DFtzYFOdz63LBkxec7DYuc2jon6Q==",
      "optional": true,
      "requires": {
        "ms": "2.1.2"
      }
    },
    "ffi-napi": {
      "version": "3.1.0",
      "resolved": "https://registry.npm.taobao.org/ffi-napi/download/ffi-napi-3.1.0.tgz",
      "integrity": "sha1-W9A3om6qQjTGZOi50nvjcZUFx70=",
      "optional": true,
      "requires": {
        "debug": "^4.1.1",
        "get-uv-event-loop-napi-h": "^1.0.5",
        "node-addon-api": "^2.0.0",
        "node-gyp-build": "^4.2.1",
        "ref-napi": "^2.0.1",
        "ref-struct-di": "^1.1.0"
      },
      "dependencies": {
        "ref-napi": {
          "version": "2.1.2",
          "resolved": "https://registry.nlark.com/ref-napi/download/ref-napi-2.1.2.tgz",
          "integrity": "sha1-WYYGnXsOqD4f70gjmivXUxjONBs=",
          "optional": true,
          "requires": {
            "debug": "^4.1.1",
            "get-symbol-from-current-process-h": "^1.0.2",
            "node-addon-api": "^2.0.0",
            "node-gyp-build": "^4.2.1"
          }
        }
      }
    },
    "get-symbol-from-current-process-h": {
      "version": "1.0.2",
      "resolved": "https://registry.npm.taobao.org/get-symbol-from-current-process-h/download/get-symbol-from-current-process-h-1.0.2.tgz",
      "integrity": "sha1-UQr1Lq74c/cCiFTDN39H97sgAmU=",
      "optional": true
    },
    "get-uv-event-loop-napi-h": {
      "version": "1.0.6",
      "resolved": "https://registry.npm.taobao.org/get-uv-event-loop-napi-h/download/get-uv-event-loop-napi-h-1.0.6.tgz",
      "integrity": "sha1-QrCwa3TD7SH7rI58coRf23ogAgg=",
      "optional": true,
      "requires": {
        "get-symbol-from-current-process-h": "^1.0.1"
      }
    },
    "iconv-lite": {
      "version": "0.6.3",
      "resolved": "https://registry.nlark.com/iconv-lite/download/iconv-lite-0.6.3.tgz",
      "integrity": "sha1-pS+AvzjaGVLrXGgXkHGYcaGnJQE=",
      "requires": {
        "safer-buffer": ">= 2.1.2 < 3.0.0"
      }
    },
    "ms": {
      "version": "2.1.2",
      "resolved": "https://registry.npmmirror.com/ms/download/ms-2.1.2.tgz",
      "integrity": "sha1-0J0fNXtEP0kzgqjrPM0YOHKuYAk=",
      "optional": true
    },
    "net-keepalive": {
      "version": "1.4.0",
      "resolved": "https://registry.npmmirror.com/net-keepalive/download/net-keepalive-1.4.0.tgz",
      "integrity": "sha1-kk/c8WQLIZiCDpmV/7LS7Hp1d6o=",
      "optional": true,
      "requires": {
        "ffi-napi": "^3.0.1",
        "ref-napi": "^3.0.0"
      }
    },
    "netdde": {
      "version": "1.0.2",
      "resolved": "https://registry.npmmirror.com/netdde/download/netdde-1.0.2.tgz",
      "integrity": "sha1-PL/sSTUycO/dmbD41a4zABHvNsI=",
      "requires": {
        "net-keepalive": "^1.2.1"
      }
    },
    "node-addon-api": {
      "version": "2.0.2",
      "resolved": "https://registry.nlark.com/node-addon-api/download/node-addon-api-2.0.2.tgz",
      "integrity": "sha1-Qyz6gpYs5JSxMunXKhWyn3H/XTI=",
      "optional": true
    },
    "node-gyp-build": {
      "version": "4.3.0",
      "resolved": "https://registry.nlark.com/node-gyp-build/download/node-gyp-build-4.3.0.tgz",
      "integrity": "sha1-nyVrA+WCYVC+Ocdkv1Hpk5RtcaM=",
      "optional": true
    },
    "ref-napi": {
      "version": "3.0.3",
      "resolved": "https://registry.nlark.com/ref-napi/download/ref-napi-3.0.3.tgz",
      "integrity": "sha1-4lm/wruvs+Fp6M2bpJA33QA5ayI=",
      "optional": true,
      "requires": {
        "debug": "^4.1.1",
        "get-symbol-from-current-process-h": "^1.0.2",
        "node-addon-api": "^3.0.0",
        "node-gyp-build": "^4.2.1"
      },
      "dependencies": {
        "node-addon-api": {
          "version": "3.2.1",
          "resolved": "https://registry.nlark.com/node-addon-api/download/node-addon-api-3.2.1.tgz",
          "integrity": "sha1-gTJeCiEXeJwBKNq2Xn448HzroWE=",
          "optional": true
        }
      }
    },
    "ref-struct-di": {
      "version": "1.1.1",
      "resolved": "https://registry.npm.taobao.org/ref-struct-di/download/ref-struct-di-1.1.1.tgz",
      "integrity": "sha1-WCex07MjcgWPF3VHCT2x/hYC3BA=",
      "optional": true,
      "requires": {
        "debug": "^3.1.0"
      },
      "dependencies": {
        "debug": {
          "version": "3.2.7",
          "resolved": "https://registry.npmmirror.com/debug/download/debug-3.2.7.tgz",
          "integrity": "sha1-clgLfpFF+zm2Z2+cXl+xALk0F5o=",
          "optional": true,
          "requires": {
            "ms": "^2.1.1"
          }
        }
      }
    },
    "safer-buffer": {
      "version": "2.1.2",
      "resolved": "https://registry.npm.taobao.org/safer-buffer/download/safer-buffer-2.1.2.tgz",
      "integrity": "sha1-RPoWGwGHuVSd2Eu5GAL5vYOFzWo="
    },
    "winax": {
      "version": "3.3.2",
      "resolved": "https://registry.npmmirror.com/winax/download/winax-3.3.2.tgz",
      "integrity": "sha512-qEe1pS6RVbC/1QQskfxB3IXUyBYLu+7DMPj3LdqmaFm/vhV94vBj7bgZLlau7tJaym04byDeWPCf/4gZEp60Dw=="
    }
  }
}
